// !$*UTF8*$!
{
	archiveVersion = 1;
	classes = {
	};
	objectVersion = 46;
	objects = {

/* Begin PBXBuildFile section */
		71EF5EB61B6F545A00C6A4E4 /* AppDelegate.swift in Sources */ = {isa = PBXBuildFile; fileRef = 71EF5EB51B6F545A00C6A4E4 /* AppDelegate.swift */; };
		71EF5EB81B6F545A00C6A4E4 /* ViewController.swift in Sources */ = {isa = PBXBuildFile; fileRef = 71EF5EB71B6F545A00C6A4E4 /* ViewController.swift */; };
		71EF5EBB1B6F545A00C6A4E4 /* Main.storyboard in Resources */ = {isa = PBXBuildFile; fileRef = 71EF5EB91B6F545A00C6A4E4 /* Main.storyboard */; };
		71EF5EBD1B6F545A00C6A4E4 /* Images.xcassets in Resources */ = {isa = PBXBuildFile; fileRef = 71EF5EBC1B6F545A00C6A4E4 /* Images.xcassets */; };
		71EF5EC01B6F545A00C6A4E4 /* LaunchScreen.xib in Resources */ = {isa = PBXBuildFile; fileRef = 71EF5EBE1B6F545A00C6A4E4 /* LaunchScreen.xib */; };
		71EF5ECC1B6F545A00C6A4E4 /* CalculatorTests.swift in Sources */ = {isa = PBXBuildFile; fileRef = 71EF5ECB1B6F545A00C6A4E4 /* CalculatorTests.swift */; };
/* End PBXBuildFile section */

/* Begin PBXContainerItemProxy section */
		71EF5EC61B6F545A00C6A4E4 /* PBXContainerItemProxy */ = {
			isa = PBXContainerItemProxy;
			containerPortal = 71EF5EA81B6F545A00C6A4E4 /* Project object */;
			proxyType = 1;
			remoteGlobalIDString = 71EF5EAF1B6F545A00C6A4E4;
			remoteInfo = Calculator;
		};
/* End PBXContainerItemProxy section */

/* Begin PBXFileReference section */
		71EF5EB01B6F545A00C6A4E4 /* Calculator.app */ = {isa = PBXFileReference; explicitFileType = wrapper.application; includeInIndex = 0; path = Calculator.app; sourceTree = BUILT_PRODUCTS_DIR; };
		71EF5EB41B6F545A00C6A4E4 /* Info.plist */ = {isa = PBXFileReference; lastKnownFileType = text.plist.xml; path = Info.plist; sourceTree = "<group>"; };
		71EF5EB51B6F545A00C6A4E4 /* AppDelegate.swift */ = {isa = PBXFileReference; lastKnownFileType = sourcecode.swift; path = AppDelegate.swift; sourceTree = "<group>"; };
		71EF5EB71B6F545A00C6A4E4 /* ViewController.swift */ = {isa = PBXFileReference; lastKnownFileType = sourcecode.swift; path = ViewController.swift; sourceTree = "<group>"; };
		71EF5EBA1B6F545A00C6A4E4 /* Base */ = {isa = PBXFileReference; lastKnownFileType = file.storyboard; name = Base; path = Base.lproj/Main.storyboard; sourceTree = "<group>"; };
		71EF5EBC1B6F545A00C6A4E4 /* Images.xcassets */ = {isa = PBXFileReference; lastKnownFileType = folder.assetcatalog; path = Images.xcassets; sourceTree = "<group>"; };
		71EF5EBF1B6F545A00C6A4E4 /* Base */ = {isa = PBXFileReference; lastKnownFileType = file.xib; name = Base; path = Base.lproj/LaunchScreen.xib; sourceTree = "<group>"; };
		71EF5EC51B6F545A00C6A4E4 /* CalculatorTests.xctest */ = {isa = PBXFileReference; explicitFileType = wrapper.cfbundle; includeInIndex = 0; path = CalculatorTests.xctest; sourceTree = BUILT_PRODUCTS_DIR; };
		71EF5ECA1B6F545A00C6A4E4 /* Info.plist */ = {isa = PBXFileReference; lastKnownFileType = text.plist.xml; path = Info.plist; sourceTree = "<group>"; };
		71EF5ECB1B6F545A00C6A4E4 /* CalculatorTests.swift */ = {isa = PBXFileReference; lastKnownFileType = sourcecode.swift; path = CalculatorTests.swift; sourceTree = "<group>"; };
/* End PBXFileReference section */

/* Begin PBXFrameworksBuildPhase section */
		71EF5EAD1B6F545A00C6A4E4 /* Frameworks */ = {
			isa = PBXFrameworksBuildPhase;
			buildActionMask = 2147483647;
			files = (
			);
			runOnlyForDeploymentPostprocessing = 0;
		};
		71EF5EC21B6F545A00C6A4E4 /* Frameworks */ = {
			isa = PBXFrameworksBuildPhase;
			buildActionMask = 2147483647;
			files = (
			);
			runOnlyForDeploymentPostprocessing = 0;
		};
/* End PBXFrameworksBuildPhase section */

/* Begin PBXGroup section */
		71EF5EA71B6F545A00C6A4E4 = {
			isa = PBXGroup;
			children = (
				71EF5EB21B6F545A00C6A4E4 /* Calculator */,
				71EF5EC81B6F545A00C6A4E4 /* CalculatorTests */,
				71EF5EB11B6F545A00C6A4E4 /* Products */,
			);
			sourceTree = "<group>";
		};
		71EF5EB11B6F545A00C6A4E4 /* Products */ = {
			isa = PBXGroup;
			children = (
				71EF5EB01B6F545A00C6A4E4 /* Calculator.app */,
				71EF5EC51B6F545A00C6A4E4 /* CalculatorTests.xctest */,
			);
			name = Products;
			sourceTree = "<group>";
		};
		71EF5EB21B6F545A00C6A4E4 /* Calculator */ = {
			isa = PBXGroup;
			children = (
				71EF5EB51B6F545A00C6A4E4 /* AppDelegate.swift */,
				71EF5EB71B6F545A00C6A4E4 /* ViewController.swift */,
				71EF5EB91B6F545A00C6A4E4 /* Main.storyboard */,
				71EF5EBC1B6F545A00C6A4E4 /* Images.xcassets */,
				71EF5EBE1B6F545A00C6A4E4 /* LaunchScreen.xib */,
				71EF5EB31B6F545A00C6A4E4 /* Supporting Files */,
			);
			path = Calculator;
			sourceTree = "<group>";
		};
		71EF5EB31B6F545A00C6A4E4 /* Supporting Files */ = {
			isa = PBXGroup;
			children = (
				71EF5EB41B6F545A00C6A4E4 /* Info.plist */,
			);
			name = "Supporting Files";
			sourceTree = "<group>";
		};
		71EF5EC81B6F545A00C6A4E4 /* CalculatorTests */ = {
			isa = PBXGroup;
			children = (
				71EF5ECB1B6F545A00C6A4E4 /* CalculatorTests.swift */,
				71EF5EC91B6F545A00C6A4E4 /* Supporting Files */,
			);
			path = CalculatorTests;
			sourceTree = "<group>";
		};
		71EF5EC91B6F545A00C6A4E4 /* Supporting Files */ = {
			isa = PBXGroup;
			children = (
				71EF5ECA1B6F545A00C6A4E4 /* Info.plist */,
			);
			name = "Supporting Files";
			sourceTree = "<group>";
		};
/* End PBXGroup section */

/* Begin PBXNativeTarget section */
		71EF5EAF1B6F545A00C6A4E4 /* Calculator */ = {
			isa = PBXNativeTarget;
			buildConfigurationList = 71EF5ECF1B6F545A00C6A4E4 /* Build configuration list for PBXNativeTarget "Calculator" */;
			buildPhases = (
				71EF5EAC1B6F545A00C6A4E4 /* Sources */,
				71EF5EAD1B6F545A00C6A4E4 /* Frameworks */,
				71EF5EAE1B6F545A00C6A4E4 /* Resources */,
			);
			buildRules = (
			);
			dependencies = (
			);
			name = Calculator;
			productName = Calculator;
			productReference = 71EF5EB01B6F545A00C6A4E4 /* Calculator.app */;
			productType = "com.apple.product-type.application";
		};
		71EF5EC41B6F545A00C6A4E4 /* CalculatorTests */ = {
			isa = PBXNativeTarget;
			buildConfigurationList = 71EF5ED21B6F545A00C6A4E4 /* Build configuration list for PBXNativeTarget "CalculatorTests" */;
			buildPhases = (
				71EF5EC11B6F545A00C6A4E4 /* Sources */,
				71EF5EC21B6F545A00C6A4E4 /* Frameworks */,
				71EF5EC31B6F545A00C6A4E4 /* Resources */,
			);
			buildRules = (
			);
			dependencies = (
				71EF5EC71B6F545A00C6A4E4 /* PBXTargetDependency */,
			);
			name = CalculatorTests;
			productName = CalculatorTests;
			productReference = 71EF5EC51B6F545A00C6A4E4 /* CalculatorTests.xctest */;
			productType = "com.apple.product-type.bundle.unit-test";
		};
/* End PBXNativeTarget section */

/* Begin PBXProject section */
		71EF5EA81B6F545A00C6A4E4 /* Project object */ = {
			isa = PBXProject;
			attributes = {
				LastUpgradeCheck = 0640;
				ORGANIZATIONNAME = Chunseop;
				TargetAttributes = {
					71EF5EAF1B6F545A00C6A4E4 = {
						CreatedOnToolsVersion = 6.4;
					};
					71EF5EC41B6F545A00C6A4E4 = {
						CreatedOnToolsVersion = 6.4;
						TestTargetID = 71EF5EAF1B6F545A00C6A4E4;
					};
				};
			};
			buildConfigurationList = 71EF5EAB1B6F545A00C6A4E4 /* Build configuration list for PBXProject "Calculator" */;
			compatibilityVersion = "Xcode 3.2";
			developmentRegion = English;
			hasScannedForEncodings = 0;
			knownRegions = (
				en,
				Base,
			);
			mainGroup = 71EF5EA71B6F545A00C6A4E4;
			productRefGroup = 71EF5EB11B6F545A00C6A4E4 /* Products */;
			projectDirPath = "";
			projectRoot = "";
			targets = (
				71EF5EAF1B6F545A00C6A4E4 /* Calculator */,
				71EF5EC41B6F545A00C6A4E4 /* CalculatorTests */,
			);
		};
/* End PBXProject section */

/* Begin PBXResourcesBuildPhase section */
		71EF5EAE1B6F545A00C6A4E4 /* Resources */ = {
			isa = PBXResourcesBuildPhase;
			buildActionMask = 2147483647;
			files = (
				71EF5EBB1B6F545A00C6A4E4 /* Main.storyboard in Resources */,
				71EF5EC01B6F545A00C6A4E4 /* LaunchScreen.xib in Resources */,
				71EF5EBD1B6F545A00C6A4E4 /* Images.xcassets in Resources */,
			);
			runOnlyForDeploymentPostprocessing = 0;
		};
		71EF5EC31B6F545A00C6A4E4 /* Resources */ = {
			isa = PBXResourcesBuildPhase;
			buildActionMask = 2147483647;
			files = (
			);
			runOnlyForDeploymentPostprocessing = 0;
		};
/* End PBXResourcesBuildPhase section */

/* Begin PBXSourcesBuildPhase section */
		71EF5EAC1B6F545A00C6A4E4 /* Sources */ = {
			isa = PBXSourcesBuildPhase;
			buildActionMask = 2147483647;
			files = (
				71EF5EB81B6F545A00C6A4E4 /* ViewController.swift in Sources */,
				71EF5EB61B6F545A00C6A4E4 /* AppDelegate.swift in Sources */,
			);
			runOnlyForDeploymentPostprocessing = 0;
		};
		71EF5EC11B6F545A00C6A4E4 /* Sources */ = {
			isa = PBXSourcesBuildPhase;
			buildActionMask = 2147483647;
			files = (
				71EF5ECC1B6F545A00C6A4E4 /* CalculatorTests.swift in Sources */,
			);
			runOnlyForDeploymentPostprocessing = 0;
		};
/* End PBXSourcesBuildPhase section */

/* Begin PBXTargetDependency section */
		71EF5EC71B6F545A00C6A4E4 /* PBXTargetDependency */ = {
			isa = PBXTargetDependency;
			target = 71EF5EAF1B6F545A00C6A4E4 /* Calculator */;
			targetProxy = 71EF5EC61B6F545A00C6A4E4 /* PBXContainerItemProxy */;
		};
/* End PBXTargetDependency section */

/* Begin PBXVariantGroup section */
		71EF5EB91B6F545A00C6A4E4 /* Main.storyboard */ = {
			isa = PBXVariantGroup;
			children = (
				71EF5EBA1B6F545A00C6A4E4 /* Base */,
			);
			name = Main.storyboard;
			sourceTree = "<group>";
		};
		71EF5EBE1B6F545A00C6A4E4 /* LaunchScreen.xib */ = {
			isa = PBXVariantGroup;
			children = (
				71EF5EBF1B6F545A00C6A4E4 /* Base */,
			);
			name = LaunchScreen.xib;
			sourceTree = "<group>";
		};
/* End PBXVariantGroup section */

/* Begin XCBuildConfiguration section */
		71EF5ECD1B6F545A00C6A4E4 /* Debug */ = {
			isa = XCBuildConfiguration;
			buildSettings = {
				ALWAYS_SEARCH_USER_PATHS = NO;
				CLANG_CXX_LANGUAGE_STANDARD = "gnu++0x";
				CLANG_CXX_LIBRARY = "libc++";
				CLANG_ENABLE_MODULES = YES;
				CLANG_ENABLE_OBJC_ARC = YES;
				CLANG_WARN_BOOL_CONVERSION = YES;
				CLANG_WARN_CONSTANT_CONVERSION = YES;
				CLANG_WARN_DIRECT_OBJC_ISA_USAGE = YES_ERROR;
				CLANG_WARN_EMPTY_BODY = YES;
				CLANG_WARN_ENUM_CONVERSION = YES;
				CLANG_WARN_INT_CONVERSION = YES;
				CLANG_WARN_OBJC_ROOT_CLASS = YES_ERROR;
				CLANG_WARN_UNREACHABLE_CODE = YES;
				CLANG_WARN__DUPLICATE_METHOD_MATCH = YES;
				"CODE_SIGN_IDENTITY[sdk=iphoneos*]" = "iPhone Developer";
				COPY_PHASE_STRIP = NO;
				DEBUG_INFORMATION_FORMAT = "dwarf-with-dsym";
				ENABLE_STRICT_OBJC_MSGSEND = YES;
				GCC_C_LANGUAGE_STANDARD = gnu99;
				GCC_DYNAMIC_NO_PIC = NO;
				GCC_NO_COMMON_BLOCKS = YES;
				GCC_OPTIMIZATION_LEVEL = 0;
				GCC_PREPROCESSOR_DEFINITIONS = (
					"DEBUG=1",
					"$(inherited)",
				);
				GCC_SYMBOLS_PRIVATE_EXTERN = NO;
				GCC_WARN_64_TO_32_BIT_CONVERSION = YES;
				GCC_WARN_ABOUT_RETURN_TYPE = YES_ERROR;
				GCC_WARN_UNDECLARED_SELECTOR = YES;
				GCC_WARN_UNINITIALIZED_AUTOS = YES_AGGRESSIVE;
				GCC_WARN_UNUSED_FUNCTION = YES;
				GCC_WARN_UNUSED_VARIABLE = YES;
				IPHONEOS_DEPLOYMENT_TARGET = 8.4;
				MTL_ENABLE_DEBUG_INFO = YES;
				ONLY_ACTIVE_ARCH = YES;
				SDKROOT = iphoneos;
				SWIFT_OPTIMIZATION_LEVEL = "-Onone";
				TARGETED_DEVICE_FAMILY = "1,2";
			};
			name = Debug;
		};
		71EF5ECE1B6F545A00C6A4E4 /* Release */ = {
			isa = XCBuildConfiguration;
			buildSettings = {
				ALWAYS_SEARCH_USER_PATHS = NO;
				CLANG_CXX_LANGUAGE_STANDARD = "gnu++0x";
				CLANG_CXX_LIBRARY = "libc++";
				CLANG_ENABLE_MODULES = YES;
				CLANG_ENABLE_OBJC_ARC = YES;
				CLANG_WARN_BOOL_CONVERSION = YES;
				CLANG_WARN_CONSTANT_CONVERSION = YES;
				CLANG_WARN_DIRECT_OBJC_ISA_USAGE = YES_ERROR;
				CLANG_WARN_EMPTY_BODY = YES;
				CLANG_WARN_ENUM_CONVERSION = YES;
				CLANG_WARN_INT_CONVERSION = YES;
				CLANG_WARN_OBJC_ROOT_CLASS = YES_ERROR;
				CLANG_WARN_UNREACHABLE_CODE = YES;
				CLANG_WARN__DUPLICATE_METHOD_MATCH = YES;
				"CODE_SIGN_IDENTITY[sdk=iphoneos*]" = "iPhone Developer";
				COPY_PHASE_STRIP = NO;
				DEBUG_INFORMATION_FORMAT = "dwarf-with-dsym";
				ENABLE_NS_ASSERTIONS = NO;
				ENABLE_STRICT_OBJC_MSGSEND = YES;
				GCC_C_LANGUAGE_STANDARD = gnu99;
				GCC_NO_COMMON_BLOCKS = YES;
				GCC_WARN_64_TO_32_BIT_CONVERSION = YES;
				GCC_WARN_ABOUT_RETURN_TYPE = YES_ERROR;
				GCC_WARN_UNDECLARED_SELECTOR = YES;
				GCC_WARN_UNINITIALIZED_AUTOS = YES_AGGRESSIVE;
				GCC_WARN_UNUSED_FUNCTION = YES;
				GCC_WARN_UNUSED_VARIABLE = YES;
				IPHONEOS_DEPLOYMENT_TARGET = 8.4;
				MTL_ENABLE_DEBUG_INFO = NO;
				SDKROOT = iphoneos;
				TARGETED_DEVICE_FAMILY = "1,2";
				VALIDATE_PRODUCT = YES;
			};
			name = Release;
		};
		71EF5ED01B6F545A00C6A4E4 /* Debug */ = {
			isa = XCBuildConfiguration;
			buildSettings = {
				ASSETCATALOG_COMPILER_APPICON_NAME = AppIcon;
				INFOPLIST_FILE = Calculator/Info.plist;
				LD_RUNPATH_SEARCH_PATHS = "$(inherited) @executable_path/Frameworks";
				PRODUCT_NAME = "$(TARGET_NAME)";
			};
			name = Debug;
		};
		71EF5ED11B6F545A00C6A4E4 /* Release */ = {
			isa = XCBuildConfiguration;
			buildSettings = {
				ASSETCATALOG_COMPILER_APPICON_NAME = AppIcon;
				INFOPLIST_FILE = Calculator/Info.plist;
				LD_RUNPATH_SEARCH_PATHS = "$(inherited) @executable_path/Frameworks";
				PRODUCT_NAME = "$(TARGET_NAME)";
			};
			name = Release;
		};
		71EF5ED31B6F545A00C6A4E4 /* Debug */ = {
			isa = XCBuildConfiguration;
			buildSettings = {
				BUNDLE_LOADER = "$(TEST_HOST)";
				FRAMEWORK_SEARCH_PATHS = (
					"$(SDKROOT)/Developer/Library/Frameworks",
					"$(inherited)",
				);
				GCC_PREPROCESSOR_DEFINITIONS = (
					"DEBUG=1",
					"$(inherited)",
				);
				INFOPLIST_FILE = CalculatorTests/Info.plist;
				LD_RUNPATH_SEARCH_PATHS = "$(inherited) @executable_path/Frameworks @loader_path/Frameworks";
				PRODUCT_NAME = "$(TARGET_NAME)";
				TEST_HOST = "$(BUILT_PRODUCTS_DIR)/Calculator.app/Calculator";
			};
			name = Debug;
		};
		71EF5ED41B6F545A00C6A4E4 /* Release */ = {
			isa = XCBuildConfiguration;
			buildSettings = {
				BUNDLE_LOADER = "$(TEST_HOST)";
				FRAMEWORK_SEARCH_PATHS = (
					"$(SDKROOT)/Developer/Library/Frameworks",
					"$(inherited)",
				);
				INFOPLIST_FILE = CalculatorTests/Info.plist;
				LD_RUNPATH_SEARCH_PATHS = "$(inherited) @executable_path/Frameworks @loader_path/Frameworks";
				PRODUCT_NAME = "$(TARGET_NAME)";
				TEST_HOST = "$(BUILT_PRODUCTS_DIR)/Calculator.app/Calculator";
			};
			name = Release;
		};
/* End XCBuildConfiguration section */

/* Begin XCConfigurationList section */
		71EF5EAB1B6F545A00C6A4E4 /* Build configuration list for PBXProject "Calculator" */ = {
			isa = XCConfigurationList;
			buildConfigurations = (
				71EF5ECD1B6F545A00C6A4E4 /* Debug */,
				71EF5ECE1B6F545A00C6A4E4 /* Release */,
			);
			defaultConfigurationIsVisible = 0;
			defaultConfigurationName = Release;
		};
		71EF5ECF1B6F545A00C6A4E4 /* Build configuration list for PBXNativeTarget "Calculator" */ = {
			isa = XCConfigurationList;
			buildConfigurations = (
				71EF5ED01B6F545A00C6A4E4 /* Debug */,
				71EF5ED11B6F545A00C6A4E4 /* Release */,
			);
			defaultConfigurationIsVisible = 0;
		};
		71EF5ED21B6F545A00C6A4E4 /* Build configuration list for PBXNativeTarget "CalculatorTests" */ = {
			isa = XCConfigurationList;
			buildConfigurations = (
				71EF5ED31B6F545A00C6A4E4 /* Debug */,
				71EF5ED41B6F545A00C6A4E4 /* Release */,
			);
			defaultConfigurationIsVisible = 0;
		};
/* End XCConfigurationList section */
	};
	rootObject = 71EF5EA81B6F545A00C6A4E4 /* Project object */;
}
